
Microsoft Visual Studio Solution File, Format Version 12.00
# Visual Studio Version 17
VisualStudioVersion = 17.14.36414.22
MinimumVisualStudioVersion = 10.0.40219.1
Project("{FAE04EC0-301F-11D3-BF4B-00C04F79EFBC}") = "Ai_Project", "Ai_Project.csproj", "{EF981B58-C3D9-421D-98E7-C160FE929DC5}"
EndProject
Project("{FAE04EC0-301F-11D3-BF4B-00C04F79EFBC}") = "OllamaStartApplication", "..\OllamaStartApplication\OllamaStartApplication.csproj", "{9BFE63D9-7594-46FC-927E-A2BCE04BA579}"
EndProject
Project("{FAE04EC0-301F-11D3-BF4B-00C04F79EFBC}") = "PromtEditorExample", "..\PromtEditorExample\PromtEditorExample.csproj", "{8459108A-6E51-4709-8251-FE8F36954748}"
EndProject
Project("{FAE04EC0-301F-11D3-BF4B-00C04F79EFBC}") = "RagWithOllamaQdrant", "..\RagWithOllamaQdrant\RagWithOllamaQdrant.csproj", "{E50CE198-7344-410D-A0B1-ED3A4CCC94E1}"
EndProject
Global
	GlobalSection(SolutionConfigurationPlatforms) = preSolution
		Debug|Any CPU = Debug|Any CPU
		Release|Any CPU = Release|Any CPU
	EndGlobalSection
	GlobalSection(ProjectConfigurationPlatforms) = postSolution
		{EF981B58-C3D9-421D-98E7-C160FE929DC5}.Debug|Any CPU.ActiveCfg = Debug|Any CPU
		{EF981B58-C3D9-421D-98E7-C160FE929DC5}.Debug|Any CPU.Build.0 = Debug|Any CPU
		{EF981B58-C3D9-421D-98E7-C160FE929DC5}.Release|Any CPU.ActiveCfg = Release|Any CPU
		{EF981B58-C3D9-421D-98E7-C160FE929DC5}.Release|Any CPU.Build.0 = Release|Any CPU
		{9BFE63D9-7594-46FC-927E-A2BCE04BA579}.Debug|Any CPU.ActiveCfg = Debug|Any CPU
		{9BFE63D9-7594-46FC-927E-A2BCE04BA579}.Debug|Any CPU.Build.0 = Debug|Any CPU
		{9BFE63D9-7594-46FC-927E-A2BCE04BA579}.Release|Any CPU.ActiveCfg = Release|Any CPU
		{9BFE63D9-7594-46FC-927E-A2BCE04BA579}.Release|Any CPU.Build.0 = Release|Any CPU
		{8459108A-6E51-4709-8251-FE8F36954748}.Debug|Any CPU.ActiveCfg = Debug|Any CPU
		{8459108A-6E51-4709-8251-FE8F36954748}.Debug|Any CPU.Build.0 = Debug|Any CPU
		{8459108A-6E51-4709-8251-FE8F36954748}.Release|Any CPU.ActiveCfg = Release|Any CPU
		{8459108A-6E51-4709-8251-FE8F36954748}.Release|Any CPU.Build.0 = Release|Any CPU
		{E50CE198-7344-410D-A0B1-ED3A4CCC94E1}.Debug|Any CPU.ActiveCfg = Debug|Any CPU
		{E50CE198-7344-410D-A0B1-ED3A4CCC94E1}.Debug|Any CPU.Build.0 = Debug|Any CPU
		{E50CE198-7344-410D-A0B1-ED3A4CCC94E1}.Release|Any CPU.ActiveCfg = Release|Any CPU
		{E50CE198-7344-410D-A0B1-ED3A4CCC94E1}.Release|Any CPU.Build.0 = Release|Any CPU
	EndGlobalSection
	GlobalSection(SolutionProperties) = preSolution
		HideSolutionNode = FALSE
	EndGlobalSection
	GlobalSection(ExtensibilityGlobals) = postSolution
		SolutionGuid = {35DC0744-E83C-49D5-9DBB-20EEB97F00E1}
	EndGlobalSection
EndGlobal
